<?xml version="1.0" encoding="utf-8"?>
<Project ToolsVersion="4.0" xmlns="http://schemas.microsoft.com/developer/msbuild/2003">
  <ItemGroup>
    <Filter Include="Source Files">
      <UniqueIdentifier>{4FC737F1-C7A5-4376-A066-2A32D752A2FF}</UniqueIdentifier>
      <Extensions>cpp;c;cc;cxx;c++;cppm;ixx;def;odl;idl;hpj;bat;asm;asmx</Extensions>
    </Filter>
    <Filter Include="Header Files">
      <UniqueIdentifier>{93995380-89BD-4b04-88EB-625FBE52EBFB}</UniqueIdentifier>
      <Extensions>h;hh;hpp;hxx;h++;hm;inl;inc;ipp;xsd</Extensions>
    </Filter>
    <Filter Include="Resource Files">
      <UniqueIdentifier>{67DA6AB6-F800-4c08-8B7A-83BB121AAD01}</UniqueIdentifier>
      <Extensions>rc;ico;cur;bmp;dlg;rc2;rct;bin;rgs;gif;jpg;jpeg;jpe;resx;tiff;tif;png;wav;mfcribbon-ms</Extensions>
    </Filter>
    <Filter Include="Header Files\DataTypes">
      <UniqueIdentifier>{264c6c07-27dc-4de5-947d-c66f3bbb025f}</UniqueIdentifier>
    </Filter>
    <Filter Include="Source Files\DataTypes">
      <UniqueIdentifier>{af3918a4-a1cf-4a43-b84f-3a0dbb19e110}</UniqueIdentifier>
    </Filter>
    <Filter Include="Source Files\TypeParser">
      <UniqueIdentifier>{ecbf291e-3453-4efc-b38b-41b461ca0f13}</UniqueIdentifier>
    </Filter>
  </ItemGroup>
  <ItemGroup>
    <ClInclude Include="Resource.h">
      <Filter>Header Files</Filter>
    </ClInclude>
    <ClInclude Include="pch.h">
      <Filter>Header Files</Filter>
    </ClInclude>
    <ClInclude Include="Lexer.h">
      <Filter>Header Files</Filter>
    </ClInclude>
    <ClInclude Include="DataTypes.h">
      <Filter>Header Files</Filter>
    </ClInclude>
    <ClInclude Include="TypeParser.h">
      <Filter>Header Files</Filter>
    </ClInclude>
    <ClInclude Include="BaseType.h">
      <Filter>Header Files\DataTypes</Filter>
    </ClInclude>
    <ClInclude Include="Declaration.h">
      <Filter>Header Files\DataTypes</Filter>
    </ClInclude>
    <ClInclude Include="NamedDeclaration.h">
      <Filter>Header Files\DataTypes</Filter>
    </ClInclude>
    <ClInclude Include="FundamentalType.h">
      <Filter>Header Files\DataTypes</Filter>
    </ClInclude>
    <ClInclude Include="CompositeType.h">
      <Filter>Header Files\DataTypes</Filter>
    </ClInclude>
    <ClInclude Include="FunctionType.h">
      <Filter>Header Files\DataTypes</Filter>
    </ClInclude>
    <ClInclude Include="NamedType.h">
      <Filter>Header Files\DataTypes</Filter>
    </ClInclude>
    <ClInclude Include="StructType.h">
      <Filter>Header Files\DataTypes</Filter>
    </ClInclude>
    <ClInclude Include="EnumType.h">
      <Filter>Header Files\DataTypes</Filter>
    </ClInclude>
    <ClInclude Include="EllipsisType.h">
      <Filter>Header Files\DataTypes</Filter>
    </ClInclude>
    <ClInclude Include="PointerType.h">
      <Filter>Header Files\DataTypes</Filter>
    </ClInclude>
    <ClInclude Include="ArrayType.h">
      <Filter>Header Files\DataTypes</Filter>
    </ClInclude>
  </ItemGroup>
  <ItemGroup>
    <ClCompile Include="AssemblyInfo.cpp">
      <Filter>Source Files</Filter>
    </ClCompile>
    <ClCompile Include="pch.cpp">
      <Filter>Source Files</Filter>
    </ClCompile>
    <ClCompile Include="Lexer.cpp">
      <Filter>Source Files</Filter>
    </ClCompile>
    <ClCompile Include="TypeParser.cpp">
      <Filter>Source Files</Filter>
    </ClCompile>
    <ClCompile Include="BaseType.cpp">
      <Filter>Source Files\DataTypes</Filter>
    </ClCompile>
    <ClCompile Include="CompositeType.cpp">
      <Filter>Source Files\DataTypes</Filter>
    </ClCompile>
    <ClCompile Include="Declaration.cpp">
      <Filter>Source Files\DataTypes</Filter>
    </ClCompile>
    <ClCompile Include="EllipsisType.cpp">
      <Filter>Source Files\DataTypes</Filter>
    </ClCompile>
    <ClCompile Include="EnumType.cpp">
      <Filter>Source Files\DataTypes</Filter>
    </ClCompile>
    <ClCompile Include="FunctionType.cpp">
      <Filter>Source Files\DataTypes</Filter>
    </ClCompile>
    <ClCompile Include="FundamentalType.cpp">
      <Filter>Source Files\DataTypes</Filter>
    </ClCompile>
    <ClCompile Include="NamedDeclaration.cpp">
      <Filter>Source Files\DataTypes</Filter>
    </ClCompile>
    <ClCompile Include="NamedType.cpp">
      <Filter>Source Files\DataTypes</Filter>
    </ClCompile>
    <ClCompile Include="StructType.cpp">
      <Filter>Source Files\DataTypes</Filter>
    </ClCompile>
    <ClCompile Include="PointerType.cpp">
      <Filter>Source Files\DataTypes</Filter>
    </ClCompile>
    <ClCompile Include="ArrayType.cpp">
      <Filter>Source Files\DataTypes</Filter>
    </ClCompile>
    <ClCompile Include="ParseTypeFragments.cpp">
      <Filter>Source Files\TypeParser</Filter>
    </ClCompile>
    <ClCompile Include="ParseCompositeType.cpp">
      <Filter>Source Files\TypeParser</Filter>
    </ClCompile>
    <ClCompile Include="ParseParameters.cpp">
      <Filter>Source Files\TypeParser</Filter>
    </ClCompile>
  </ItemGroup>
  <ItemGroup>
    <ResourceCompile Include="app.rc">
      <Filter>Resource Files</Filter>
    </ResourceCompile>
  </ItemGroup>
  <ItemGroup>
    <Image Include="app.ico">
      <Filter>Resource Files</Filter>
    </Image>
  </ItemGroup>
</Project>